
Microsoft Visual Studio Solution File, Format Version 12.00
# Visual Studio Version 17
VisualStudioVersion = 17.11.35312.102
MinimumVisualStudioVersion = 10.0.40219.1
Project("{9A19103F-16F7-4668-BE54-9A1E7A4F7556}") = "MrX.Extensions", "MrX.Extensions.csproj", "{4A01767F-0053-4BA3-B1FE-42EF47D5E775}"
EndProject
Global
	GlobalSection(SolutionConfigurationPlatforms) = preSolution
		Debug|Any CPU = Debug|Any CPU
		Release|Any CPU = Release|Any CPU
	EndGlobalSection
	GlobalSection(ProjectConfigurationPlatforms) = postSolution
		{4A01767F-0053-4BA3-B1FE-42EF47D5E775}.Debug|Any CPU.ActiveCfg = Debug|Any CPU
		{4A01767F-0053-4BA3-B1FE-42EF47D5E775}.Debug|Any CPU.Build.0 = Debug|Any CPU
		{4A01767F-0053-4BA3-B1FE-42EF47D5E775}.Release|Any CPU.ActiveCfg = Release|Any CPU
		{4A01767F-0053-4BA3-B1FE-42EF47D5E775}.Release|Any CPU.Build.0 = Release|Any CPU
	EndGlobalSection
	GlobalSection(SolutionProperties) = preSolution
		HideSolutionNode = FALSE
	EndGlobalSection
	GlobalSection(ExtensibilityGlobals) = postSolution
		SolutionGuid = {EB26DB2B-9A61-4D64-8625-584A26E5AE0C}
	EndGlobalSection
EndGlobal
